{
  "nodes": {
    "ciel": {
      "inputs": {
        "nix-eda": [
          "librelane_plugin_fabulous",
          "librelane",
          "nix-eda"
        ]
      },
      "locked": {
        "lastModified": 1764091696,
        "narHash": "sha256-AWbkHL0zO3tD0mE3dZIcj8mVND7o3imTxOpEfOtlRDI=",
        "owner": "fossi-foundation",
        "repo": "ciel",
        "rev": "afcb23d368614ffa1e7e96584ed33f839c71c576",
        "type": "github"
      },
      "original": {
        "owner": "fossi-foundation",
        "repo": "ciel",
        "type": "github"
      }
    },
    "devshell": {
      "inputs": {
        "nixpkgs": [
          "librelane_plugin_fabulous",
          "librelane",
          "nix-eda",
          "nixpkgs"
        ]
      },
      "locked": {
        "lastModified": 1764011051,
        "narHash": "sha256-M7SZyPZiqZUR/EiiBJnmyUbOi5oE/03tCeFrTiUZchI=",
        "owner": "numtide",
        "repo": "devshell",
        "rev": "17ed8d9744ebe70424659b0ef74ad6d41fc87071",
        "type": "github"
      },
      "original": {
        "owner": "numtide",
        "repo": "devshell",
        "type": "github"
      }
    },
    "flake-compat": {
      "locked": {
        "lastModified": 1733328505,
        "narHash": "sha256-NeCCThCEP3eCl2l/+27kNNK7QrwZB1IJCrXfrbv5oqU=",
        "rev": "ff81ac966bb2cae68946d5ed5fc4994f96d0ffec",
        "revCount": 69,
        "type": "tarball",
        "url": "https://api.flakehub.com/f/pinned/edolstra/flake-compat/1.1.0/01948eb7-9cba-704f-bbf3-3fa956735b52/source.tar.gz?rev=ff81ac966bb2cae68946d5ed5fc4994f96d0ffec&revCount=69"
      },
      "original": {
        "type": "tarball",
        "url": "https://flakehub.com/f/edolstra/flake-compat/1.tar.gz"
      }
    },
    "librelane": {
      "inputs": {
        "ciel": "ciel",
        "devshell": "devshell",
        "flake-compat": "flake-compat",
        "nix-eda": "nix-eda"
      },
      "locked": {
        "lastModified": 1771486901,
        "narHash": "sha256-ZtjThlRj4yc7PLItFB8iWRk18rCdOZT3/bOxJHsdccI=",
        "owner": "librelane",
        "repo": "librelane",
        "rev": "45a1d35b18935a5faa07c7179a893092ae0a16dd",
        "type": "github"
      },
      "original": {
        "owner": "librelane",
        "ref": "dev",
        "repo": "librelane",
        "type": "github"
      }
    },
    "librelane_plugin_fabulous": {
      "inputs": {
        "librelane": "librelane"
      },
      "locked": {
        "lastModified": 1771839031,
        "narHash": "sha256-qVMV8/YGPEHlfINLd1s4/8PJqlE7iZ+2Vj7od0l2LrM=",
        "owner": "mole99",
        "repo": "librelane_plugin_fabulous",
        "rev": "a597fec859ac29d31d9e015f8836a16b14092d6e",
        "type": "github"
      },
      "original": {
        "owner": "mole99",
        "ref": "update-flow",
        "repo": "librelane_plugin_fabulous",
        "type": "github"
      }
    },
    "nix-eda": {
      "inputs": {
        "nixpkgs": "nixpkgs"
      },
      "locked": {
        "lastModified": 1768614091,
        "narHash": "sha256-UElQINIEz44UlEXP9eIJmjMuCIkP9fS8+WitJwyTYzw=",
        "owner": "fossi-foundation",
        "repo": "nix-eda",
        "rev": "8d6f4ea82716b59bc6eff6b070304e1b916b2c75",
        "type": "github"
      },
      "original": {
        "owner": "fossi-foundation",
        "ref": "6.0.2",
        "repo": "nix-eda",
        "type": "github"
      }
    },
    "nixpkgs": {
      "locked": {
        "lastModified": 1766201043,
        "narHash": "sha256-eplAP+rorKKd0gNjV3rA6+0WMzb1X1i16F5m5pASnjA=",
        "owner": "nixos",
        "repo": "nixpkgs",
        "rev": "b3aad468604d3e488d627c0b43984eb60e75e782",
        "type": "github"
      },
      "original": {
        "owner": "nixos",
        "ref": "nixos-25.11",
        "repo": "nixpkgs",
        "type": "github"
      }
    },
    "root": {
      "inputs": {
        "librelane_plugin_fabulous": "librelane_plugin_fabulous"
      }
    }
  },
  "root": "root",
  "version": 7
}
